<?xml version="1.0" encoding="utf-8"?>
<Project ToolsVersion="4.0" xmlns="http://schemas.microsoft.com/developer/msbuild/2003">
  <ItemGroup>
    <Filter Include="header">
      <UniqueIdentifier>{7bf59efc-0ec1-4cc9-bb9a-cf95072e9a83}</UniqueIdentifier>
    </Filter>
    <Filter Include="src">
      <UniqueIdentifier>{12cd1032-daf1-4dfc-8edd-5af127d4c132}</UniqueIdentifier>
    </Filter>
  </ItemGroup>
  <ItemGroup>
    <ClInclude Include="PipeServer.h">
      <Filter>header</Filter>
    </ClInclude>
    <ClInclude Include="PipeClient.h">
      <Filter>header</Filter>
    </ClInclude>
    <ClInclude Include="PipeBase.h">
      <Filter>header</Filter>
    </ClInclude>
  </ItemGroup>
  <ItemGroup>
    <ClCompile Include="PipeServer.cpp">
      <Filter>src</Filter>
    </ClCompile>
    <ClCompile Include="PipeClient.cpp">
      <Filter>src</Filter>
    </ClCompile>
    <ClCompile Include="main.cpp">
      <Filter>src</Filter>
    </ClCompile>
  </ItemGroup>
</Project>